
Microsoft Visual Studio Solution File, Format Version 12.00
# Visual Studio Version 17
VisualStudioVersion = 17.12.35707.178
MinimumVisualStudioVersion = 10.0.40219.1
Project("{FAE04EC0-301F-11D3-BF4B-00C04F79EFBC}") = "Api2Postgresql", "Api2Postgresql.csproj", "{0DC8CB05-C3D6-4E17-92F4-5DE17B56DB11}"
EndProject
Project("{FAE04EC0-301F-11D3-BF4B-00C04F79EFBC}") = "AutosTest", "Test\AutosTest\AutosTest.csproj", "{FA9C344A-846D-4873-84AF-338E6A54D0EA}"
EndProject
Global
	GlobalSection(SolutionConfigurationPlatforms) = preSolution
		Debug|Any CPU = Debug|Any CPU
		Release|Any CPU = Release|Any CPU
	EndGlobalSection
	GlobalSection(ProjectConfigurationPlatforms) = postSolution
		{0DC8CB05-C3D6-4E17-92F4-5DE17B56DB11}.Debug|Any CPU.ActiveCfg = Debug|Any CPU
		{0DC8CB05-C3D6-4E17-92F4-5DE17B56DB11}.Debug|Any CPU.Build.0 = Debug|Any CPU
		{0DC8CB05-C3D6-4E17-92F4-5DE17B56DB11}.Release|Any CPU.ActiveCfg = Release|Any CPU
		{0DC8CB05-C3D6-4E17-92F4-5DE17B56DB11}.Release|Any CPU.Build.0 = Release|Any CPU
		{FA9C344A-846D-4873-84AF-338E6A54D0EA}.Debug|Any CPU.ActiveCfg = Debug|Any CPU
		{FA9C344A-846D-4873-84AF-338E6A54D0EA}.Debug|Any CPU.Build.0 = Debug|Any CPU
		{FA9C344A-846D-4873-84AF-338E6A54D0EA}.Release|Any CPU.ActiveCfg = Release|Any CPU
		{FA9C344A-846D-4873-84AF-338E6A54D0EA}.Release|Any CPU.Build.0 = Release|Any CPU
	EndGlobalSection
	GlobalSection(SolutionProperties) = preSolution
		HideSolutionNode = FALSE
	EndGlobalSection
EndGlobal
